hash: 1c0cae9bece997e8a27b9a622f09f4bae3a61e77c901c6b7b76b924029da196f
updated: 2018-08-24T08:59:14.861888+01:00
imports:
- name: github.com/fatih/color
  version: 5b77d2a35fb0ede96d138fc9a99f5c9b6aef11b4
- name: github.com/Jeffail/gabs
  version: 7a0fed31069aba77993a518cc2f37b28ee7aa883
- name: github.com/mattn/go-colorable
  version: efa589957cd060542a26d2dd7832fd6a6c6c3ade
- name: github.com/mattn/go-isatty
  version: 6ca4dbf54d38eea1a992b3c722a76a5d1c4cb25c
- name: github.com/urfave/cli
  version: cfb38830724cc34fedffe9a2a29fb54fa9169cd1
- name: golang.org/x/sys
  version: bff228c7b664c5fce602223a05fb708fd8654986
  subpackages:
  - unix
testImports:
- name: github.com/hpcloud/tail
  version: a1dbeea552b7c8df4b542c66073e393de198a800
  subpackages:
  - ratelimiter
  - util
  - watch
  - winfile
- name: github.com/onsi/ginkgo
  version: 3774a09d95489ccaa16032e0770d08ea77ba6184
  subpackages:
  - config
  - internal/codelocation
  - internal/containernode
  - internal/failer
  - internal/leafnodes
  - internal/remote
  - internal/spec
  - internal/spec_iterator
  - internal/specrunner
  - internal/suite
  - internal/testingtproxy
  - internal/writer
  - reporters
  - reporters/stenographer
  - reporters/stenographer/support/go-colorable
  - reporters/stenographer/support/go-isatty
  - types
- name: github.com/onsi/gomega
  version: b6ea1ea48f981d0f615a154a45eabb9dd466556d
  subpackages:
  - format
  - internal/assertion
  - internal/asyncassertion
  - internal/oraclematcher
  - internal/testingtsupport
  - matchers
  - matchers/support/goraph/bipartitegraph
  - matchers/support/goraph/edge
  - matchers/support/goraph/node
  - matchers/support/goraph/util
  - types
- name: golang.org/x/net
  version: 1e491301e022f8f977054da4c2d852decd59571f
  subpackages:
  - html
  - html/atom
  - html/charset
- name: golang.org/x/text
  version: 5c1cf69b5978e5a34c5f9ba09a83e56acc4b7877
  subpackages:
  - encoding
  - encoding/charmap
  - encoding/htmlindex
  - encoding/internal
  - encoding/internal/identifier
  - encoding/japanese
  - encoding/korean
  - encoding/simplifiedchinese
  - encoding/traditionalchinese
  - encoding/unicode
  - internal/language
  - internal/language/compact
  - internal/tag
  - internal/utf8internal
  - language
  - runes
  - transform
- name: gopkg.in/fsnotify/fsnotify.v1
  version: c2828203cd70a50dcccfb2761f8b1f8ceef9a8e9
- name: gopkg.in/tomb.v1
  version: c131134a1947e9afd9cecfe11f4c6dff0732ae58
- name: gopkg.in/yaml.v2
  version: 5420a8b6744d3b0345ab293f6fcba19c978f1183
